
Microsoft Visual Studio Solution File, Format Version 12.00
# Visual Studio Version 17
VisualStudioVersion = 17.1.32210.238
MinimumVisualStudioVersion = 10.0.40219.1
Project("{FAE04EC0-301F-11D3-BF4B-00C04F79EFBC}") = "StudentHW", "StudentHW.csproj", "{5EE0B343-8860-4D5E-891B-2BB321637D6B}"
EndProject
Global
	GlobalSection(SolutionConfigurationPlatforms) = preSolution
		Debug|Any CPU = Debug|Any CPU
		Release|Any CPU = Release|Any CPU
	EndGlobalSection
	GlobalSection(ProjectConfigurationPlatforms) = postSolution
		{5EE0B343-8860-4D5E-891B-2BB321637D6B}.Debug|Any CPU.ActiveCfg = Debug|Any CPU
		{5EE0B343-8860-4D5E-891B-2BB321637D6B}.Debug|Any CPU.Build.0 = Debug|Any CPU
		{5EE0B343-8860-4D5E-891B-2BB321637D6B}.Release|Any CPU.ActiveCfg = Release|Any CPU
		{5EE0B343-8860-4D5E-891B-2BB321637D6B}.Release|Any CPU.Build.0 = Release|Any CPU
	EndGlobalSection
	GlobalSection(SolutionProperties) = preSolution
		HideSolutionNode = FALSE
	EndGlobalSection
	GlobalSection(ExtensibilityGlobals) = postSolution
		SolutionGuid = {1CD85AAB-1AD4-47C2-A520-7F4A54DF1F87}
	EndGlobalSection
EndGlobal
